%{"backoff": {:hex, :backoff, "1.1.1"},
  "connection": {:hex, :connection, "1.0.2"},
  "db_connection": {:git, "https://github.com/fishcakez/db_connection.git", "df026c6a0af3e18168299c63f97d6f9ea5de38eb", [branch: "master"]},
  "decimal": {:hex, :decimal, "1.1.1"},
  "earmark": {:hex, :earmark, "0.2.1"},
  "ex_doc": {:hex, :ex_doc, "0.11.3"}}
